
Microsoft Visual Studio Solution File, Format Version 12.00
# Visual Studio Version 17
VisualStudioVersion = 17.8.34322.80
MinimumVisualStudioVersion = 10.0.40219.1
Project("{FAE04EC0-301F-11D3-BF4B-00C04F79EFBC}") = "Quản lí cán bộ trường đại học humg", "Quản lí cán bộ trường đại học humg\Quản lí cán bộ trường đại học humg.csproj", "{769F07E7-9F5D-4CC9-B98A-B2C9458207E7}"
EndProject
Global
	GlobalSection(SolutionConfigurationPlatforms) = preSolution
		Debug|Any CPU = Debug|Any CPU
		Release|Any CPU = Release|Any CPU
	EndGlobalSection
	GlobalSection(ProjectConfigurationPlatforms) = postSolution
		{769F07E7-9F5D-4CC9-B98A-B2C9458207E7}.Debug|Any CPU.ActiveCfg = Debug|Any CPU
		{769F07E7-9F5D-4CC9-B98A-B2C9458207E7}.Debug|Any CPU.Build.0 = Debug|Any CPU
		{769F07E7-9F5D-4CC9-B98A-B2C9458207E7}.Release|Any CPU.ActiveCfg = Release|Any CPU
		{769F07E7-9F5D-4CC9-B98A-B2C9458207E7}.Release|Any CPU.Build.0 = Release|Any CPU
	EndGlobalSection
	GlobalSection(SolutionProperties) = preSolution
		HideSolutionNode = FALSE
	EndGlobalSection
	GlobalSection(ExtensibilityGlobals) = postSolution
		SolutionGuid = {C40ACAA3-82FB-4086-8578-99319DCB9611}
	EndGlobalSection
EndGlobal
